
Microsoft Visual Studio Solution File, Format Version 12.00
# Visual Studio Version 17
VisualStudioVersion = 17.3.32922.545
MinimumVisualStudioVersion = 10.0.40219.1
Project("{9A19103F-16F7-4668-BE54-9A1E7A4F7556}") = "DevExtremeAspNetCoreApp1", "DevExtremeAspNetCoreApp1\DevExtremeAspNetCoreApp1.csproj", "{B0FC6AC1-9E32-446D-BCFD-808C897813B0}"
EndProject
Project("{2150E333-8FDC-42A3-9474-1A3956D46DE8}") = "DevExtreme NuGet.config", "DevExtreme NuGet.config", "{34AC0019-9296-4656-9C45-024A9CBA3A83}"
	ProjectSection(SolutionItems) = preProject
		NuGet.config = NuGet.config
	EndProjectSection
EndProject
Global
	GlobalSection(SolutionConfigurationPlatforms) = preSolution
		Debug|Any CPU = Debug|Any CPU
		Release|Any CPU = Release|Any CPU
	EndGlobalSection
	GlobalSection(ProjectConfigurationPlatforms) = postSolution
		{B0FC6AC1-9E32-446D-BCFD-808C897813B0}.Debug|Any CPU.ActiveCfg = Debug|Any CPU
		{B0FC6AC1-9E32-446D-BCFD-808C897813B0}.Debug|Any CPU.Build.0 = Debug|Any CPU
		{B0FC6AC1-9E32-446D-BCFD-808C897813B0}.Release|Any CPU.ActiveCfg = Release|Any CPU
		{B0FC6AC1-9E32-446D-BCFD-808C897813B0}.Release|Any CPU.Build.0 = Release|Any CPU
	EndGlobalSection
	GlobalSection(SolutionProperties) = preSolution
		HideSolutionNode = FALSE
	EndGlobalSection
	GlobalSection(ExtensibilityGlobals) = postSolution
		SolutionGuid = {ECAC9DAC-EF6E-45B6-8C0E-7A2D2D4255AD}
	EndGlobalSection
EndGlobal
